<?xml version="1.0" encoding="utf-8"?>
<Project ToolsVersion="4.0" xmlns="http://schemas.microsoft.com/developer/msbuild/2003">
  <ItemGroup>
    <ClCompile Include="GameApplicationPCH.cpp" />
    <ClCompile Include="Main.cpp" />
    <ClCompile Include="$(NDKROOT)\sources\android\native_app_glue\android_native_app_glue.c" />
    <ClCompile Include="GravityRoomController.cpp" />
    <ClCompile Include="IController.cpp" />
    <ClCompile Include="EntityStack.cpp" />
    <ClCompile Include="StackNode.cpp" />
  </ItemGroup>
  <ItemGroup>
    <ClInclude Include="GameApplicationPCH.h" />
    <ClInclude Include="Constants.h" />
    <ClInclude Include="GravityRoomController.h" />
    <ClInclude Include="IController.h" />
    <ClInclude Include="EntityStack.h" />
    <ClInclude Include="StackNode.h" />
  </ItemGroup>
</Project>